
Microsoft Visual Studio Solution File, Format Version 12.00
# Visual Studio Version 17
VisualStudioVersion = 17.2.32616.157
MinimumVisualStudioVersion = 10.0.40219.1
Project("{FAE04EC0-301F-11D3-BF4B-00C04F79EFBC}") = "Demo", "Demo\Demo.csproj", "{EFEC0F2F-285B-4551-A39C-D97B5CBAD171}"
EndProject
Project("{FAE04EC0-301F-11D3-BF4B-00C04F79EFBC}") = "DownLoad", "DownLoad\DownLoad.csproj", "{C0C6DFBA-DBF1-49C7-9D07-621102D52AF8}"
EndProject
Global
	GlobalSection(SolutionConfigurationPlatforms) = preSolution
		Debug|Any CPU = Debug|Any CPU
		Release|Any CPU = Release|Any CPU
	EndGlobalSection
	GlobalSection(ProjectConfigurationPlatforms) = postSolution
		{EFEC0F2F-285B-4551-A39C-D97B5CBAD171}.Debug|Any CPU.ActiveCfg = Debug|Any CPU
		{EFEC0F2F-285B-4551-A39C-D97B5CBAD171}.Debug|Any CPU.Build.0 = Debug|Any CPU
		{EFEC0F2F-285B-4551-A39C-D97B5CBAD171}.Release|Any CPU.ActiveCfg = Release|Any CPU
		{EFEC0F2F-285B-4551-A39C-D97B5CBAD171}.Release|Any CPU.Build.0 = Release|Any CPU
		{C0C6DFBA-DBF1-49C7-9D07-621102D52AF8}.Debug|Any CPU.ActiveCfg = Debug|Any CPU
		{C0C6DFBA-DBF1-49C7-9D07-621102D52AF8}.Debug|Any CPU.Build.0 = Debug|Any CPU
		{C0C6DFBA-DBF1-49C7-9D07-621102D52AF8}.Release|Any CPU.ActiveCfg = Release|Any CPU
		{C0C6DFBA-DBF1-49C7-9D07-621102D52AF8}.Release|Any CPU.Build.0 = Release|Any CPU
	EndGlobalSection
	GlobalSection(SolutionProperties) = preSolution
		HideSolutionNode = FALSE
	EndGlobalSection
	GlobalSection(ExtensibilityGlobals) = postSolution
		SolutionGuid = {6B5167B5-3920-4C09-94B3-056C949AF04E}
	EndGlobalSection
EndGlobal
